{
  "pins" : [
    {
      "identity" : "purchases-ios",
      "kind" : "remoteSourceControl",
      "location" : "https://github.com/RevenueCat/purchases-ios.git",
      "state" : {
        "revision" : "ae6b639cacd045c06ee92ca80b49e34255375ee3",
        "version" : "4.43.6"
      }
    }
  ],
  "version" : 2
}
